<?xml version="1.0" encoding="utf-8"?>
<Project ToolsVersion="4.0" xmlns="http://schemas.microsoft.com/developer/msbuild/2003">
  <ItemGroup>
    <Filter Include="netlib">
      <UniqueIdentifier>{23940fef-4b32-4de2-9725-728020c1da5b}</UniqueIdentifier>
    </Filter>
    <Filter Include="netlib\tool">
      <UniqueIdentifier>{6dde03ec-df08-433d-8df7-1f812522ef74}</UniqueIdentifier>
    </Filter>
    <Filter Include="netlib\buffer">
      <UniqueIdentifier>{357c3788-b2f3-4dcf-9ae0-3d7d02864e1a}</UniqueIdentifier>
    </Filter>
    <Filter Include="netlib\db">
      <UniqueIdentifier>{9ecef235-2861-40a9-82db-abfb6d2906ca}</UniqueIdentifier>
    </Filter>
    <Filter Include="netlib\module">
      <UniqueIdentifier>{29b0198f-4905-4b17-a84b-52c8b8b4175f}</UniqueIdentifier>
    </Filter>
    <Filter Include="netlib\generic">
      <UniqueIdentifier>{c609007a-7e00-443b-b56f-9aeff71bd559}</UniqueIdentifier>
    </Filter>
  </ItemGroup>
  <ItemGroup>
    <ClInclude Include="Protocol.h" />
    <ClInclude Include="Server.h" />
    <ClInclude Include="..\..\netlib\CCpuUsage.h">
      <Filter>netlib\tool</Filter>
    </ClInclude>
    <ClInclude Include="..\..\netlib\CCrashDump.h">
      <Filter>netlib\tool</Filter>
    </ClInclude>
    <ClInclude Include="..\..\netlib\CDBConnector.h">
      <Filter>netlib\db</Filter>
    </ClInclude>
    <ClInclude Include="..\..\netlib\CDBConnector_TLS.h">
      <Filter>netlib\db</Filter>
    </ClInclude>
    <ClInclude Include="..\..\netlib\CLanClient.h">
      <Filter>netlib\module</Filter>
    </ClInclude>
    <ClInclude Include="..\..\netlib\CLanServer.h">
      <Filter>netlib\module</Filter>
    </ClInclude>
    <ClInclude Include="..\..\netlib\CLockFreeQueue.h">
      <Filter>netlib\generic</Filter>
    </ClInclude>
    <ClInclude Include="..\..\netlib\CLockFreeStack.h">
      <Filter>netlib\generic</Filter>
    </ClInclude>
    <ClInclude Include="..\..\netlib\CMemoryPool.h">
      <Filter>netlib\generic</Filter>
    </ClInclude>
    <ClInclude Include="..\..\netlib\CMemoryPool_TLS.h">
      <Filter>netlib\generic</Filter>
    </ClInclude>
    <ClInclude Include="..\..\netlib\CMMOServer.h">
      <Filter>netlib\module</Filter>
    </ClInclude>
    <ClInclude Include="..\..\netlib\CNetserver.h">
      <Filter>netlib\module</Filter>
    </ClInclude>
    <ClInclude Include="..\..\netlib\CNetSession.h">
      <Filter>netlib\module</Filter>
    </ClInclude>
    <ClInclude Include="..\..\netlib\CLogger.h">
      <Filter>netlib\tool</Filter>
    </ClInclude>
    <ClInclude Include="..\..\netlib\CPacket.h">
      <Filter>netlib\buffer</Filter>
    </ClInclude>
    <ClInclude Include="..\..\netlib\CRingBuffer.h">
      <Filter>netlib\buffer</Filter>
    </ClInclude>
    <ClInclude Include="..\..\netlib\Profiler.h">
      <Filter>netlib\tool</Filter>
    </ClInclude>
    <ClInclude Include="..\..\netlib\CPDH.h">
      <Filter>netlib\tool</Filter>
    </ClInclude>
    <ClInclude Include="..\..\netlib\CParser.h">
      <Filter>netlib\tool</Filter>
    </ClInclude>
    <ClInclude Include="..\..\netlib\CQueue.h">
      <Filter>netlib\generic</Filter>
    </ClInclude>
    <ClInclude Include="..\..\netlib\CRedis_TLS.h">
      <Filter>netlib\db</Filter>
    </ClInclude>
    <ClInclude Include="..\..\netlib\Common.h">
      <Filter>netlib\module</Filter>
    </ClInclude>
    <ClInclude Include="..\..\netlib\MMO_Common.h">
      <Filter>netlib\module</Filter>
    </ClInclude>
  </ItemGroup>
  <ItemGroup>
    <ClCompile Include="main.cpp" />
    <ClCompile Include="Server.cpp" />
    <ClCompile Include="..\..\netlib\CCpuUsage.cpp">
      <Filter>netlib\tool</Filter>
    </ClCompile>
    <ClCompile Include="..\..\netlib\CCrashDump.cpp">
      <Filter>netlib\tool</Filter>
    </ClCompile>
    <ClCompile Include="..\..\netlib\CDBConnector.cpp">
      <Filter>netlib\db</Filter>
    </ClCompile>
    <ClCompile Include="..\..\netlib\CDBConnector_TLS.cpp">
      <Filter>netlib\db</Filter>
    </ClCompile>
    <ClCompile Include="..\..\netlib\CLanClient.cpp">
      <Filter>netlib\module</Filter>
    </ClCompile>
    <ClCompile Include="..\..\netlib\CLanServer.cpp">
      <Filter>netlib\module</Filter>
    </ClCompile>
    <ClCompile Include="..\..\netlib\CMMOServer.cpp">
      <Filter>netlib\module</Filter>
    </ClCompile>
    <ClCompile Include="..\..\netlib\CNetserver.cpp">
      <Filter>netlib\module</Filter>
    </ClCompile>
    <ClCompile Include="..\..\netlib\CNetSession.cpp">
      <Filter>netlib\module</Filter>
    </ClCompile>
    <ClCompile Include="..\..\netlib\CLogger.cpp">
      <Filter>netlib\tool</Filter>
    </ClCompile>
    <ClCompile Include="..\..\netlib\CPacket.cpp">
      <Filter>netlib\buffer</Filter>
    </ClCompile>
    <ClCompile Include="..\..\netlib\CRingBuffer.cpp">
      <Filter>netlib\buffer</Filter>
    </ClCompile>
    <ClCompile Include="..\..\netlib\Profiler.cpp">
      <Filter>netlib\tool</Filter>
    </ClCompile>
    <ClCompile Include="..\..\netlib\CPDH.cpp">
      <Filter>netlib\tool</Filter>
    </ClCompile>
    <ClCompile Include="..\..\netlib\CRedis_TLS.cpp">
      <Filter>netlib\db</Filter>
    </ClCompile>
  </ItemGroup>
</Project>