<?xml version="1.0" encoding="utf-8"?>
<Project ToolsVersion="4.0" xmlns="http://schemas.microsoft.com/developer/msbuild/2003">
  <ItemGroup>
    <Filter Include="리소스 파일">
      <UniqueIdentifier>{67DA6AB6-F800-4c08-8B7A-83BB121AAD01}</UniqueIdentifier>
      <Extensions>rc;ico;cur;bmp;dlg;rc2;rct;bin;rgs;gif;jpg;jpeg;jpe;resx;tiff;tif;png;wav;mfcribbon-ms</Extensions>
    </Filter>
    <Filter Include="Server">
      <UniqueIdentifier>{14b2143e-1397-476b-9747-81c8133a6ae4}</UniqueIdentifier>
    </Filter>
    <Filter Include="Server\netlib">
      <UniqueIdentifier>{64fcb16b-8a54-4cb4-bab8-23f61a63e383}</UniqueIdentifier>
    </Filter>
    <Filter Include="Server\netlib\Buffers">
      <UniqueIdentifier>{700c207f-07bb-449f-bde7-2c83e2583c71}</UniqueIdentifier>
    </Filter>
    <Filter Include="Server\netlib\Tools">
      <UniqueIdentifier>{fa226668-fc74-4d8a-8bbd-d4787d152370}</UniqueIdentifier>
    </Filter>
    <Filter Include="Server\netlib\DataStructure">
      <UniqueIdentifier>{0b393f63-0bf8-4b8d-b4d6-9d3144adca84}</UniqueIdentifier>
    </Filter>
    <Filter Include="Server\netlib\Database">
      <UniqueIdentifier>{615bd6cd-e97f-44f8-b640-271b4c61e25d}</UniqueIdentifier>
    </Filter>
  </ItemGroup>
  <ItemGroup>
    <ClInclude Include="Protocol.h">
      <Filter>Server</Filter>
    </ClInclude>
    <ClInclude Include="CLoginServer.h">
      <Filter>Server</Filter>
    </ClInclude>
    <ClInclude Include="..\..\netlib\Common.h">
      <Filter>Server\netlib</Filter>
    </ClInclude>
    <ClInclude Include="..\..\netlib\NetServer\CNetServer.h">
      <Filter>Server\netlib</Filter>
    </ClInclude>
    <ClInclude Include="..\..\netlib\CCpuUsage.h">
      <Filter>Server\netlib\Tools</Filter>
    </ClInclude>
    <ClInclude Include="..\..\netlib\CCrashDump.h">
      <Filter>Server\netlib\Tools</Filter>
    </ClInclude>
    <ClInclude Include="..\..\netlib\CLogger.h">
      <Filter>Server\netlib\Tools</Filter>
    </ClInclude>
    <ClInclude Include="..\..\netlib\CParser.h">
      <Filter>Server\netlib\Tools</Filter>
    </ClInclude>
    <ClInclude Include="..\..\netlib\CPDH.h">
      <Filter>Server\netlib\Tools</Filter>
    </ClInclude>
    <ClInclude Include="..\..\netlib\Profiler.h">
      <Filter>Server\netlib\Tools</Filter>
    </ClInclude>
    <ClInclude Include="..\..\netlib\CLockFreeQueue.h">
      <Filter>Server\netlib\DataStructure</Filter>
    </ClInclude>
    <ClInclude Include="..\..\netlib\CLockFreeStack.h">
      <Filter>Server\netlib\DataStructure</Filter>
    </ClInclude>
    <ClInclude Include="..\..\netlib\CPacket.h">
      <Filter>Server\netlib\Buffers</Filter>
    </ClInclude>
    <ClInclude Include="..\..\netlib\CDBConnector.h">
      <Filter>Server\netlib\Database</Filter>
    </ClInclude>
    <ClInclude Include="..\..\netlib\CDBConnector_TLS.h">
      <Filter>Server\netlib\Database</Filter>
    </ClInclude>
    <ClInclude Include="..\..\netlib\CRedis_TLS.h">
      <Filter>Server\netlib\Database</Filter>
    </ClInclude>
    <ClInclude Include="..\..\netlib\CRingBuffer.h">
      <Filter>Server\netlib\Buffers</Filter>
    </ClInclude>
    <ClInclude Include="..\..\netlib\LanClient\CLanClient.h">
      <Filter>Server\netlib</Filter>
    </ClInclude>
    <ClInclude Include="..\..\netlib\CMemoryPool_TLS.h">
      <Filter>Server\netlib\DataStructure</Filter>
    </ClInclude>
    <ClInclude Include="..\..\netlib\CMemoryPool.h">
      <Filter>Server\netlib\DataStructure</Filter>
    </ClInclude>
  </ItemGroup>
  <ItemGroup>
    <ClCompile Include="main.cpp" />
    <ClCompile Include="CLoginServer.cpp">
      <Filter>Server</Filter>
    </ClCompile>
    <ClCompile Include="..\..\netlib\NetServer\CNetServer.cpp">
      <Filter>Server\netlib</Filter>
    </ClCompile>
    <ClCompile Include="..\..\netlib\CCpuUsage.cpp">
      <Filter>Server\netlib\Tools</Filter>
    </ClCompile>
    <ClCompile Include="..\..\netlib\CCrashDump.cpp">
      <Filter>Server\netlib\Tools</Filter>
    </ClCompile>
    <ClCompile Include="..\..\netlib\CLogger.cpp">
      <Filter>Server\netlib\Tools</Filter>
    </ClCompile>
    <ClCompile Include="..\..\netlib\CPDH.cpp">
      <Filter>Server\netlib\Tools</Filter>
    </ClCompile>
    <ClCompile Include="..\..\netlib\Profiler.cpp">
      <Filter>Server\netlib\Tools</Filter>
    </ClCompile>
    <ClCompile Include="..\..\netlib\CPacket.cpp">
      <Filter>Server\netlib\Buffers</Filter>
    </ClCompile>
    <ClCompile Include="..\..\netlib\CDBConnector.cpp">
      <Filter>Server\netlib\Database</Filter>
    </ClCompile>
    <ClCompile Include="..\..\netlib\CDBConnector_TLS.cpp">
      <Filter>Server\netlib\Database</Filter>
    </ClCompile>
    <ClCompile Include="..\..\netlib\CRedis_TLS.cpp">
      <Filter>Server\netlib\Database</Filter>
    </ClCompile>
    <ClCompile Include="..\..\netlib\CRingBuffer.cpp">
      <Filter>Server\netlib\Buffers</Filter>
    </ClCompile>
    <ClCompile Include="..\..\netlib\LanClient\CLanClient.cpp">
      <Filter>Server\netlib</Filter>
    </ClCompile>
  </ItemGroup>
</Project>