<?xml version="1.0" encoding="utf-8"?>
<Project ToolsVersion="4.0" xmlns="http://schemas.microsoft.com/developer/msbuild/2003">
  <ItemGroup>
    <Filter Include="Buffer">
      <UniqueIdentifier>{94a46007-519f-4311-9a01-43588cf29ab1}</UniqueIdentifier>
    </Filter>
    <Filter Include="Collection">
      <UniqueIdentifier>{ece747e8-e320-47fa-9be9-56e62f0f369c}</UniqueIdentifier>
    </Filter>
    <Filter Include="Allocator">
      <UniqueIdentifier>{784ecd65-7f71-4d51-995d-50529fa43904}</UniqueIdentifier>
    </Filter>
    <Filter Include="Tool">
      <UniqueIdentifier>{7f180ff2-3c4b-45f4-a992-542ad94de8f1}</UniqueIdentifier>
    </Filter>
    <Filter Include="Module">
      <UniqueIdentifier>{d44549ec-85c4-4b3b-9eff-a974e5573ae9}</UniqueIdentifier>
    </Filter>
  </ItemGroup>
  <ItemGroup>
    <ClCompile Include="CPUMeter.cpp">
      <Filter>Tool</Filter>
    </ClCompile>
    <ClCompile Include="CrashDumper.cpp">
      <Filter>Tool</Filter>
    </ClCompile>
    <ClCompile Include="Logger.cpp">
      <Filter>Tool</Filter>
    </ClCompile>
    <ClCompile Include="PerformaceDataHelper.cpp">
      <Filter>Tool</Filter>
    </ClCompile>
    <ClCompile Include="Profiler.cpp">
      <Filter>Tool</Filter>
    </ClCompile>
    <ClCompile Include="LanClient.cpp">
      <Filter>Module</Filter>
    </ClCompile>
    <ClCompile Include="NetServer.cpp">
      <Filter>Module</Filter>
    </ClCompile>
    <ClCompile Include="LanServer.cpp">
      <Filter>Module</Filter>
    </ClCompile>
    <ClCompile Include="PacketBuffer.cpp">
      <Filter>Buffer</Filter>
    </ClCompile>
    <ClCompile Include="RingBuffer.cpp">
      <Filter>Buffer</Filter>
    </ClCompile>
    <ClCompile Include="MMOServer.cpp">
      <Filter>Module</Filter>
    </ClCompile>
    <ClCompile Include="MMOSession.cpp">
      <Filter>Module</Filter>
    </ClCompile>
  </ItemGroup>
  <ItemGroup>
    <ClInclude Include="LockFreeStack.h">
      <Filter>Collection</Filter>
    </ClInclude>
    <ClInclude Include="LockFreeQueue.h">
      <Filter>Collection</Filter>
    </ClInclude>
    <ClInclude Include="MemoryPool.h">
      <Filter>Allocator</Filter>
    </ClInclude>
    <ClInclude Include="MemoryPool_TLS.h">
      <Filter>Allocator</Filter>
    </ClInclude>
    <ClInclude Include="CPUMeter.h">
      <Filter>Tool</Filter>
    </ClInclude>
    <ClInclude Include="CrashDumper.h">
      <Filter>Tool</Filter>
    </ClInclude>
    <ClInclude Include="Logger.h">
      <Filter>Tool</Filter>
    </ClInclude>
    <ClInclude Include="PerformaceDataHelper.h">
      <Filter>Tool</Filter>
    </ClInclude>
    <ClInclude Include="Profiler.h">
      <Filter>Tool</Filter>
    </ClInclude>
    <ClInclude Include="LanClient.h">
      <Filter>Module</Filter>
    </ClInclude>
    <ClInclude Include="NetServer.h">
      <Filter>Module</Filter>
    </ClInclude>
    <ClInclude Include="LanServer.h">
      <Filter>Module</Filter>
    </ClInclude>
    <ClInclude Include="Common.h">
      <Filter>Module</Filter>
    </ClInclude>
    <ClInclude Include="PacketBuffer.h">
      <Filter>Buffer</Filter>
    </ClInclude>
    <ClInclude Include="RingBuffer.h">
      <Filter>Buffer</Filter>
    </ClInclude>
    <ClInclude Include="Queue.h">
      <Filter>Collection</Filter>
    </ClInclude>
    <ClInclude Include="ConfigLoader.h">
      <Filter>Tool</Filter>
    </ClInclude>
    <ClInclude Include="MMOServer.h">
      <Filter>Module</Filter>
    </ClInclude>
    <ClInclude Include="MMOSession.h">
      <Filter>Module</Filter>
    </ClInclude>
  </ItemGroup>
</Project>